// !$*UTF8*$!
{
	archiveVersion = 1;
	classes = {
	};
	objectVersion = 48;
	objects = {

/* Begin PBXBuildFile section */
		18061BEE2046DB4B0000E9C7 /* AppDelegate.swift in Sources */ = {isa = PBXBuildFile; fileRef = 18061BED2046DB4B0000E9C7 /* AppDelegate.swift */; };
		18061BF02046DB4B0000E9C7 /* ViewController.swift in Sources */ = {isa = PBXBuildFile; fileRef = 18061BEF2046DB4B0000E9C7 /* ViewController.swift */; };
		18061BF32046DB4B0000E9C7 /* Main.storyboard in Resources */ = {isa = PBXBuildFile; fileRef = 18061BF12046DB4B0000E9C7 /* Main.storyboard */; };
		18061BF62046DB4B0000E9C7 /* helloproject.xcdatamodeld in Sources */ = {isa = PBXBuildFile; fileRef = 18061BF42046DB4B0000E9C7 /* helloproject.xcdatamodeld */; };
		18061BF82046DB4B0000E9C7 /* Assets.xcassets in Resources */ = {isa = PBXBuildFile; fileRef = 18061BF72046DB4B0000E9C7 /* Assets.xcassets */; };
		18061BFB2046DB4B0000E9C7 /* LaunchScreen.storyboard in Resources */ = {isa = PBXBuildFile; fileRef = 18061BF92046DB4B0000E9C7 /* LaunchScreen.storyboard */; };
		18061C062046DB4B0000E9C7 /* helloprojectTests.swift in Sources */ = {isa = PBXBuildFile; fileRef = 18061C052046DB4B0000E9C7 /* helloprojectTests.swift */; };
		18061C112046DB4B0000E9C7 /* helloprojectUITests.swift in Sources */ = {isa = PBXBuildFile; fileRef = 18061C102046DB4B0000E9C7 /* helloprojectUITests.swift */; };
		1810A27D21DCFB2600C940E2 /* LineDrawViewController.swift in Sources */ = {isa = PBXBuildFile; fileRef = 1810A27C21DCFB2600C940E2 /* LineDrawViewController.swift */; };
/* End PBXBuildFile section */

/* Begin PBXContainerItemProxy section */
		18061C022046DB4B0000E9C7 /* PBXContainerItemProxy */ = {
			isa = PBXContainerItemProxy;
			containerPortal = 18061BE22046DB4A0000E9C7 /* Project object */;
			proxyType = 1;
			remoteGlobalIDString = 18061BE92046DB4A0000E9C7;
			remoteInfo = helloproject;
		};
		18061C0D2046DB4B0000E9C7 /* PBXContainerItemProxy */ = {
			isa = PBXContainerItemProxy;
			containerPortal = 18061BE22046DB4A0000E9C7 /* Project object */;
			proxyType = 1;
			remoteGlobalIDString = 18061BE92046DB4A0000E9C7;
			remoteInfo = helloproject;
		};
/* End PBXContainerItemProxy section */

/* Begin PBXFileReference section */
		18061BEA2046DB4A0000E9C7 /* helloproject.app */ = {isa = PBXFileReference; explicitFileType = wrapper.application; includeInIndex = 0; path = helloproject.app; sourceTree = BUILT_PRODUCTS_DIR; };
		18061BED2046DB4B0000E9C7 /* AppDelegate.swift */ = {isa = PBXFileReference; lastKnownFileType = sourcecode.swift; path = AppDelegate.swift; sourceTree = "<group>"; };
		18061BEF2046DB4B0000E9C7 /* ViewController.swift */ = {isa = PBXFileReference; lastKnownFileType = sourcecode.swift; path = ViewController.swift; sourceTree = "<group>"; };
		18061BF22046DB4B0000E9C7 /* Base */ = {isa = PBXFileReference; lastKnownFileType = file.storyboard; name = Base; path = Base.lproj/Main.storyboard; sourceTree = "<group>"; };
		18061BF52046DB4B0000E9C7 /* helloproject.xcdatamodel */ = {isa = PBXFileReference; lastKnownFileType = wrapper.xcdatamodel; path = helloproject.xcdatamodel; sourceTree = "<group>"; };
		18061BF72046DB4B0000E9C7 /* Assets.xcassets */ = {isa = PBXFileReference; lastKnownFileType = folder.assetcatalog; path = Assets.xcassets; sourceTree = "<group>"; };
		18061BFA2046DB4B0000E9C7 /* Base */ = {isa = PBXFileReference; lastKnownFileType = file.storyboard; name = Base; path = Base.lproj/LaunchScreen.storyboard; sourceTree = "<group>"; };
		18061BFC2046DB4B0000E9C7 /* Info.plist */ = {isa = PBXFileReference; lastKnownFileType = text.plist.xml; path = Info.plist; sourceTree = "<group>"; };
		18061C012046DB4B0000E9C7 /* helloprojectTests.xctest */ = {isa = PBXFileReference; explicitFileType = wrapper.cfbundle; includeInIndex = 0; path = helloprojectTests.xctest; sourceTree = BUILT_PRODUCTS_DIR; };
		18061C052046DB4B0000E9C7 /* helloprojectTests.swift */ = {isa = PBXFileReference; lastKnownFileType = sourcecode.swift; path = helloprojectTests.swift; sourceTree = "<group>"; };
		18061C072046DB4B0000E9C7 /* Info.plist */ = {isa = PBXFileReference; lastKnownFileType = text.plist.xml; path = Info.plist; sourceTree = "<group>"; };
		18061C0C2046DB4B0000E9C7 /* helloprojectUITests.xctest */ = {isa = PBXFileReference; explicitFileType = wrapper.cfbundle; includeInIndex = 0; path = helloprojectUITests.xctest; sourceTree = BUILT_PRODUCTS_DIR; };
		18061C102046DB4B0000E9C7 /* helloprojectUITests.swift */ = {isa = PBXFileReference; lastKnownFileType = sourcecode.swift; path = helloprojectUITests.swift; sourceTree = "<group>"; };
		18061C122046DB4B0000E9C7 /* Info.plist */ = {isa = PBXFileReference; lastKnownFileType = text.plist.xml; path = Info.plist; sourceTree = "<group>"; };
		1810A27C21DCFB2600C940E2 /* LineDrawViewController.swift */ = {isa = PBXFileReference; lastKnownFileType = sourcecode.swift; path = LineDrawViewController.swift; sourceTree = "<group>"; };
/* End PBXFileReference section */

/* Begin PBXFrameworksBuildPhase section */
		18061BE72046DB4A0000E9C7 /* Frameworks */ = {
			isa = PBXFrameworksBuildPhase;
			buildActionMask = 2147483647;
			files = (
			);
			runOnlyForDeploymentPostprocessing = 0;
		};
		18061BFE2046DB4B0000E9C7 /* Frameworks */ = {
			isa = PBXFrameworksBuildPhase;
			buildActionMask = 2147483647;
			files = (
			);
			runOnlyForDeploymentPostprocessing = 0;
		};
		18061C092046DB4B0000E9C7 /* Frameworks */ = {
			isa = PBXFrameworksBuildPhase;
			buildActionMask = 2147483647;
			files = (
			);
			runOnlyForDeploymentPostprocessing = 0;
		};
/* End PBXFrameworksBuildPhase section */

/* Begin PBXGroup section */
		18061BE12046DB4A0000E9C7 = {
			isa = PBXGroup;
			children = (
				18061BEC2046DB4A0000E9C7 /* helloproject */,
				18061C042046DB4B0000E9C7 /* helloprojectTests */,
				18061C0F2046DB4B0000E9C7 /* helloprojectUITests */,
				18061BEB2046DB4A0000E9C7 /* Products */,
			);
			sourceTree = "<group>";
		};
		18061BEB2046DB4A0000E9C7 /* Products */ = {
			isa = PBXGroup;
			children = (
				18061BEA2046DB4A0000E9C7 /* helloproject.app */,
				18061C012046DB4B0000E9C7 /* helloprojectTests.xctest */,
				18061C0C2046DB4B0000E9C7 /* helloprojectUITests.xctest */,
			);
			name = Products;
			sourceTree = "<group>";
		};
		18061BEC2046DB4A0000E9C7 /* helloproject */ = {
			isa = PBXGroup;
			children = (
				18061BED2046DB4B0000E9C7 /* AppDelegate.swift */,
				18061BEF2046DB4B0000E9C7 /* ViewController.swift */,
				1810A27C21DCFB2600C940E2 /* LineDrawViewController.swift */,
				18061BF12046DB4B0000E9C7 /* Main.storyboard */,
				18061BF72046DB4B0000E9C7 /* Assets.xcassets */,
				18061BF92046DB4B0000E9C7 /* LaunchScreen.storyboard */,
				18061BFC2046DB4B0000E9C7 /* Info.plist */,
				18061BF42046DB4B0000E9C7 /* helloproject.xcdatamodeld */,
			);
			path = helloproject;
			sourceTree = "<group>";
		};
		18061C042046DB4B0000E9C7 /* helloprojectTests */ = {
			isa = PBXGroup;
			children = (
				18061C052046DB4B0000E9C7 /* helloprojectTests.swift */,
				18061C072046DB4B0000E9C7 /* Info.plist */,
			);
			path = helloprojectTests;
			sourceTree = "<group>";
		};
		18061C0F2046DB4B0000E9C7 /* helloprojectUITests */ = {
			isa = PBXGroup;
			children = (
				18061C102046DB4B0000E9C7 /* helloprojectUITests.swift */,
				18061C122046DB4B0000E9C7 /* Info.plist */,
			);
			path = helloprojectUITests;
			sourceTree = "<group>";
		};
/* End PBXGroup section */

/* Begin PBXNativeTarget section */
		18061BE92046DB4A0000E9C7 /* helloproject */ = {
			isa = PBXNativeTarget;
			buildConfigurationList = 18061C152046DB4B0000E9C7 /* Build configuration list for PBXNativeTarget "helloproject" */;
			buildPhases = (
				18061BE62046DB4A0000E9C7 /* Sources */,
				18061BE72046DB4A0000E9C7 /* Frameworks */,
				18061BE82046DB4A0000E9C7 /* Resources */,
			);
			buildRules = (
			);
			dependencies = (
			);
			name = helloproject;
			productName = helloproject;
			productReference = 18061BEA2046DB4A0000E9C7 /* helloproject.app */;
			productType = "com.apple.product-type.application";
		};
		18061C002046DB4B0000E9C7 /* helloprojectTests */ = {
			isa = PBXNativeTarget;
			buildConfigurationList = 18061C182046DB4B0000E9C7 /* Build configuration list for PBXNativeTarget "helloprojectTests" */;
			buildPhases = (
				18061BFD2046DB4B0000E9C7 /* Sources */,
				18061BFE2046DB4B0000E9C7 /* Frameworks */,
				18061BFF2046DB4B0000E9C7 /* Resources */,
			);
			buildRules = (
			);
			dependencies = (
				18061C032046DB4B0000E9C7 /* PBXTargetDependency */,
			);
			name = helloprojectTests;
			productName = helloprojectTests;
			productReference = 18061C012046DB4B0000E9C7 /* helloprojectTests.xctest */;
			productType = "com.apple.product-type.bundle.unit-test";
		};
		18061C0B2046DB4B0000E9C7 /* helloprojectUITests */ = {
			isa = PBXNativeTarget;
			buildConfigurationList = 18061C1B2046DB4B0000E9C7 /* Build configuration list for PBXNativeTarget "helloprojectUITests" */;
			buildPhases = (
				18061C082046DB4B0000E9C7 /* Sources */,
				18061C092046DB4B0000E9C7 /* Frameworks */,
				18061C0A2046DB4B0000E9C7 /* Resources */,
			);
			buildRules = (
			);
			dependencies = (
				18061C0E2046DB4B0000E9C7 /* PBXTargetDependency */,
			);
			name = helloprojectUITests;
			productName = helloprojectUITests;
			productReference = 18061C0C2046DB4B0000E9C7 /* helloprojectUITests.xctest */;
			productType = "com.apple.product-type.bundle.ui-testing";
		};
/* End PBXNativeTarget section */

/* Begin PBXProject section */
		18061BE22046DB4A0000E9C7 /* Project object */ = {
			isa = PBXProject;
			attributes = {
				LastSwiftUpdateCheck = 0920;
				LastUpgradeCheck = 0920;
				ORGANIZATIONNAME = apple;
				TargetAttributes = {
					18061BE92046DB4A0000E9C7 = {
						CreatedOnToolsVersion = 9.2;
						ProvisioningStyle = Automatic;
					};
					18061C002046DB4B0000E9C7 = {
						CreatedOnToolsVersion = 9.2;
						ProvisioningStyle = Automatic;
						TestTargetID = 18061BE92046DB4A0000E9C7;
					};
					18061C0B2046DB4B0000E9C7 = {
						CreatedOnToolsVersion = 9.2;
						ProvisioningStyle = Automatic;
						TestTargetID = 18061BE92046DB4A0000E9C7;
					};
				};
			};
			buildConfigurationList = 18061BE52046DB4A0000E9C7 /* Build configuration list for PBXProject "helloproject" */;
			compatibilityVersion = "Xcode 8.0";
			developmentRegion = en;
			hasScannedForEncodings = 0;
			knownRegions = (
				en,
				Base,
			);
			mainGroup = 18061BE12046DB4A0000E9C7;
			productRefGroup = 18061BEB2046DB4A0000E9C7 /* Products */;
			projectDirPath = "";
			projectRoot = "";
			targets = (
				18061BE92046DB4A0000E9C7 /* helloproject */,
				18061C002046DB4B0000E9C7 /* helloprojectTests */,
				18061C0B2046DB4B0000E9C7 /* helloprojectUITests */,
			);
		};
/* End PBXProject section */

/* Begin PBXResourcesBuildPhase section */
		18061BE82046DB4A0000E9C7 /* Resources */ = {
			isa = PBXResourcesBuildPhase;
			buildActionMask = 2147483647;
			files = (
				18061BFB2046DB4B0000E9C7 /* LaunchScreen.storyboard in Resources */,
				18061BF82046DB4B0000E9C7 /* Assets.xcassets in Resources */,
				18061BF32046DB4B0000E9C7 /* Main.storyboard in Resources */,
			);
			runOnlyForDeploymentPostprocessing = 0;
		};
		18061BFF2046DB4B0000E9C7 /* Resources */ = {
			isa = PBXResourcesBuildPhase;
			buildActionMask = 2147483647;
			files = (
			);
			runOnlyForDeploymentPostprocessing = 0;
		};
		18061C0A2046DB4B0000E9C7 /* Resources */ = {
			isa = PBXResourcesBuildPhase;
			buildActionMask = 2147483647;
			files = (
			);
			runOnlyForDeploymentPostprocessing = 0;
		};
/* End PBXResourcesBuildPhase section */

/* Begin PBXSourcesBuildPhase section */
		18061BE62046DB4A0000E9C7 /* Sources */ = {
			isa = PBXSourcesBuildPhase;
			buildActionMask = 2147483647;
			files = (
				1810A27D21DCFB2600C940E2 /* LineDrawViewController.swift in Sources */,
				18061BF02046DB4B0000E9C7 /* ViewController.swift in Sources */,
				18061BEE2046DB4B0000E9C7 /* AppDelegate.swift in Sources */,
				18061BF62046DB4B0000E9C7 /* helloproject.xcdatamodeld in Sources */,
			);
			runOnlyForDeploymentPostprocessing = 0;
		};
		18061BFD2046DB4B0000E9C7 /* Sources */ = {
			isa = PBXSourcesBuildPhase;
			buildActionMask = 2147483647;
			files = (
				18061C062046DB4B0000E9C7 /* helloprojectTests.swift in Sources */,
			);
			runOnlyForDeploymentPostprocessing = 0;
		};
		18061C082046DB4B0000E9C7 /* Sources */ = {
			isa = PBXSourcesBuildPhase;
			buildActionMask = 2147483647;
			files = (
				18061C112046DB4B0000E9C7 /* helloprojectUITests.swift in Sources */,
			);
			runOnlyForDeploymentPostprocessing = 0;
		};
/* End PBXSourcesBuildPhase section */

/* Begin PBXTargetDependency section */
		18061C032046DB4B0000E9C7 /* PBXTargetDependency */ = {
			isa = PBXTargetDependency;
			target = 18061BE92046DB4A0000E9C7 /* helloproject */;
			targetProxy = 18061C022046DB4B0000E9C7 /* PBXContainerItemProxy */;
		};
		18061C0E2046DB4B0000E9C7 /* PBXTargetDependency */ = {
			isa = PBXTargetDependency;
			target = 18061BE92046DB4A0000E9C7 /* helloproject */;
			targetProxy = 18061C0D2046DB4B0000E9C7 /* PBXContainerItemProxy */;
		};
/* End PBXTargetDependency section */

/* Begin PBXVariantGroup section */
		18061BF12046DB4B0000E9C7 /* Main.storyboard */ = {
			isa = PBXVariantGroup;
			children = (
				18061BF22046DB4B0000E9C7 /* Base */,
			);
			name = Main.storyboard;
			sourceTree = "<group>";
		};
		18061BF92046DB4B0000E9C7 /* LaunchScreen.storyboard */ = {
			isa = PBXVariantGroup;
			children = (
				18061BFA2046DB4B0000E9C7 /* Base */,
			);
			name = LaunchScreen.storyboard;
			sourceTree = "<group>";
		};
/* End PBXVariantGroup section */

/* Begin XCBuildConfiguration section */
		18061C132046DB4B0000E9C7 /* Debug */ = {
			isa = XCBuildConfiguration;
			buildSettings = {
				ALWAYS_SEARCH_USER_PATHS = NO;
				CLANG_ANALYZER_NONNULL = YES;
				CLANG_ANALYZER_NUMBER_OBJECT_CONVERSION = YES_AGGRESSIVE;
				CLANG_CXX_LANGUAGE_STANDARD = "gnu++14";
				CLANG_CXX_LIBRARY = "libc++";
				CLANG_ENABLE_MODULES = YES;
				CLANG_ENABLE_OBJC_ARC = YES;
				CLANG_WARN_BLOCK_CAPTURE_AUTORELEASING = YES;
				CLANG_WARN_BOOL_CONVERSION = YES;
				CLANG_WARN_COMMA = YES;
				CLANG_WARN_CONSTANT_CONVERSION = YES;
				CLANG_WARN_DIRECT_OBJC_ISA_USAGE = YES_ERROR;
				CLANG_WARN_DOCUMENTATION_COMMENTS = YES;
				CLANG_WARN_EMPTY_BODY = YES;
				CLANG_WARN_ENUM_CONVERSION = YES;
				CLANG_WARN_INFINITE_RECURSION = YES;
				CLANG_WARN_INT_CONVERSION = YES;
				CLANG_WARN_NON_LITERAL_NULL_CONVERSION = YES;
				CLANG_WARN_OBJC_LITERAL_CONVERSION = YES;
				CLANG_WARN_OBJC_ROOT_CLASS = YES_ERROR;
				CLANG_WARN_RANGE_LOOP_ANALYSIS = YES;
				CLANG_WARN_STRICT_PROTOTYPES = YES;
				CLANG_WARN_SUSPICIOUS_MOVE = YES;
				CLANG_WARN_UNGUARDED_AVAILABILITY = YES_AGGRESSIVE;
				CLANG_WARN_UNREACHABLE_CODE = YES;
				CLANG_WARN__DUPLICATE_METHOD_MATCH = YES;
				CODE_SIGN_IDENTITY = "iPhone Developer";
				COPY_PHASE_STRIP = NO;
				DEBUG_INFORMATION_FORMAT = dwarf;
				ENABLE_STRICT_OBJC_MSGSEND = YES;
				ENABLE_TESTABILITY = YES;
				GCC_C_LANGUAGE_STANDARD = gnu11;
				GCC_DYNAMIC_NO_PIC = NO;
				GCC_NO_COMMON_BLOCKS = YES;
				GCC_OPTIMIZATION_LEVEL = 0;
				GCC_PREPROCESSOR_DEFINITIONS = (
					"DEBUG=1",
					"$(inherited)",
				);
				GCC_WARN_64_TO_32_BIT_CONVERSION = YES;
				GCC_WARN_ABOUT_RETURN_TYPE = YES_ERROR;
				GCC_WARN_UNDECLARED_SELECTOR = YES;
				GCC_WARN_UNINITIALIZED_AUTOS = YES_AGGRESSIVE;
				GCC_WARN_UNUSED_FUNCTION = YES;
				GCC_WARN_UNUSED_VARIABLE = YES;
				IPHONEOS_DEPLOYMENT_TARGET = 11.2;
				MTL_ENABLE_DEBUG_INFO = YES;
				ONLY_ACTIVE_ARCH = YES;
				SDKROOT = iphoneos;
				SWIFT_ACTIVE_COMPILATION_CONDITIONS = DEBUG;
				SWIFT_OPTIMIZATION_LEVEL = "-Onone";
			};
			name = Debug;
		};
		18061C142046DB4B0000E9C7 /* Release */ = {
			isa = XCBuildConfiguration;
			buildSettings = {
				ALWAYS_SEARCH_USER_PATHS = NO;
				CLANG_ANALYZER_NONNULL = YES;
				CLANG_ANALYZER_NUMBER_OBJECT_CONVERSION = YES_AGGRESSIVE;
				CLANG_CXX_LANGUAGE_STANDARD = "gnu++14";
				CLANG_CXX_LIBRARY = "libc++";
				CLANG_ENABLE_MODULES = YES;
				CLANG_ENABLE_OBJC_ARC = YES;
				CLANG_WARN_BLOCK_CAPTURE_AUTORELEASING = YES;
				CLANG_WARN_BOOL_CONVERSION = YES;
				CLANG_WARN_COMMA = YES;
				CLANG_WARN_CONSTANT_CONVERSION = YES;
				CLANG_WARN_DIRECT_OBJC_ISA_USAGE = YES_ERROR;
				CLANG_WARN_DOCUMENTATION_COMMENTS = YES;
				CLANG_WARN_EMPTY_BODY = YES;
				CLANG_WARN_ENUM_CONVERSION = YES;
				CLANG_WARN_INFINITE_RECURSION = YES;
				CLANG_WARN_INT_CONVERSION = YES;
				CLANG_WARN_NON_LITERAL_NULL_CONVERSION = YES;
				CLANG_WARN_OBJC_LITERAL_CONVERSION = YES;
				CLANG_WARN_OBJC_ROOT_CLASS = YES_ERROR;
				CLANG_WARN_RANGE_LOOP_ANALYSIS = YES;
				CLANG_WARN_STRICT_PROTOTYPES = YES;
				CLANG_WARN_SUSPICIOUS_MOVE = YES;
				CLANG_WARN_UNGUARDED_AVAILABILITY = YES_AGGRESSIVE;
				CLANG_WARN_UNREACHABLE_CODE = YES;
				CLANG_WARN__DUPLICATE_METHOD_MATCH = YES;
				CODE_SIGN_IDENTITY = "iPhone Developer";
				COPY_PHASE_STRIP = NO;
				DEBUG_INFORMATION_FORMAT = "dwarf-with-dsym";
				ENABLE_NS_ASSERTIONS = NO;
				ENABLE_STRICT_OBJC_MSGSEND = YES;
				GCC_C_LANGUAGE_STANDARD = gnu11;
				GCC_NO_COMMON_BLOCKS = YES;
				GCC_WARN_64_TO_32_BIT_CONVERSION = YES;
				GCC_WARN_ABOUT_RETURN_TYPE = YES_ERROR;
				GCC_WARN_UNDECLARED_SELECTOR = YES;
				GCC_WARN_UNINITIALIZED_AUTOS = YES_AGGRESSIVE;
				GCC_WARN_UNUSED_FUNCTION = YES;
				GCC_WARN_UNUSED_VARIABLE = YES;
				IPHONEOS_DEPLOYMENT_TARGET = 11.2;
				MTL_ENABLE_DEBUG_INFO = NO;
				SDKROOT = iphoneos;
				SWIFT_OPTIMIZATION_LEVEL = "-Owholemodule";
				VALIDATE_PRODUCT = YES;
			};
			name = Release;
		};
		18061C162046DB4B0000E9C7 /* Debug */ = {
			isa = XCBuildConfiguration;
			buildSettings = {
				ASSETCATALOG_COMPILER_APPICON_NAME = AppIcon;
				CODE_SIGN_STYLE = Automatic;
				DEVELOPMENT_TEAM = J9WN57AJJG;
				INFOPLIST_FILE = helloproject/Info.plist;
				LD_RUNPATH_SEARCH_PATHS = "$(inherited) @executable_path/Frameworks";
				PRODUCT_BUNDLE_IDENTIFIER = com.iDeviceManagement.helloproject;
				PRODUCT_NAME = "$(TARGET_NAME)";
				SWIFT_VERSION = 4.0;
				TARGETED_DEVICE_FAMILY = "1,2";
			};
			name = Debug;
		};
		18061C172046DB4B0000E9C7 /* Release */ = {
			isa = XCBuildConfiguration;
			buildSettings = {
				ASSETCATALOG_COMPILER_APPICON_NAME = AppIcon;
				CODE_SIGN_STYLE = Automatic;
				DEVELOPMENT_TEAM = J9WN57AJJG;
				INFOPLIST_FILE = helloproject/Info.plist;
				LD_RUNPATH_SEARCH_PATHS = "$(inherited) @executable_path/Frameworks";
				PRODUCT_BUNDLE_IDENTIFIER = com.iDeviceManagement.helloproject;
				PRODUCT_NAME = "$(TARGET_NAME)";
				SWIFT_VERSION = 4.0;
				TARGETED_DEVICE_FAMILY = "1,2";
			};
			name = Release;
		};
		18061C192046DB4B0000E9C7 /* Debug */ = {
			isa = XCBuildConfiguration;
			buildSettings = {
				ALWAYS_EMBED_SWIFT_STANDARD_LIBRARIES = YES;
				BUNDLE_LOADER = "$(TEST_HOST)";
				CODE_SIGN_STYLE = Automatic;
				DEVELOPMENT_TEAM = J9WN57AJJG;
				INFOPLIST_FILE = helloprojectTests/Info.plist;
				LD_RUNPATH_SEARCH_PATHS = "$(inherited) @executable_path/Frameworks @loader_path/Frameworks";
				PRODUCT_BUNDLE_IDENTIFIER = com.iDeviceManagement.helloprojectTests;
				PRODUCT_NAME = "$(TARGET_NAME)";
				SWIFT_VERSION = 4.0;
				TARGETED_DEVICE_FAMILY = "1,2";
				TEST_HOST = "$(BUILT_PRODUCTS_DIR)/helloproject.app/helloproject";
			};
			name = Debug;
		};
		18061C1A2046DB4B0000E9C7 /* Release */ = {
			isa = XCBuildConfiguration;
			buildSettings = {
				ALWAYS_EMBED_SWIFT_STANDARD_LIBRARIES = YES;
				BUNDLE_LOADER = "$(TEST_HOST)";
				CODE_SIGN_STYLE = Automatic;
				DEVELOPMENT_TEAM = J9WN57AJJG;
				INFOPLIST_FILE = helloprojectTests/Info.plist;
				LD_RUNPATH_SEARCH_PATHS = "$(inherited) @executable_path/Frameworks @loader_path/Frameworks";
				PRODUCT_BUNDLE_IDENTIFIER = com.iDeviceManagement.helloprojectTests;
				PRODUCT_NAME = "$(TARGET_NAME)";
				SWIFT_VERSION = 4.0;
				TARGETED_DEVICE_FAMILY = "1,2";
				TEST_HOST = "$(BUILT_PRODUCTS_DIR)/helloproject.app/helloproject";
			};
			name = Release;
		};
		18061C1C2046DB4B0000E9C7 /* Debug */ = {
			isa = XCBuildConfiguration;
			buildSettings = {
				ALWAYS_EMBED_SWIFT_STANDARD_LIBRARIES = YES;
				CODE_SIGN_STYLE = Automatic;
				DEVELOPMENT_TEAM = J9WN57AJJG;
				INFOPLIST_FILE = helloprojectUITests/Info.plist;
				LD_RUNPATH_SEARCH_PATHS = "$(inherited) @executable_path/Frameworks @loader_path/Frameworks";
				PRODUCT_BUNDLE_IDENTIFIER = com.iDeviceManagement.helloprojectUITests;
				PRODUCT_NAME = "$(TARGET_NAME)";
				SWIFT_VERSION = 4.0;
				TARGETED_DEVICE_FAMILY = "1,2";
				TEST_TARGET_NAME = helloproject;
			};
			name = Debug;
		};
		18061C1D2046DB4B0000E9C7 /* Release */ = {
			isa = XCBuildConfiguration;
			buildSettings = {
				ALWAYS_EMBED_SWIFT_STANDARD_LIBRARIES = YES;
				CODE_SIGN_STYLE = Automatic;
				DEVELOPMENT_TEAM = J9WN57AJJG;
				INFOPLIST_FILE = helloprojectUITests/Info.plist;
				LD_RUNPATH_SEARCH_PATHS = "$(inherited) @executable_path/Frameworks @loader_path/Frameworks";
				PRODUCT_BUNDLE_IDENTIFIER = com.iDeviceManagement.helloprojectUITests;
				PRODUCT_NAME = "$(TARGET_NAME)";
				SWIFT_VERSION = 4.0;
				TARGETED_DEVICE_FAMILY = "1,2";
				TEST_TARGET_NAME = helloproject;
			};
			name = Release;
		};
/* End XCBuildConfiguration section */

/* Begin XCConfigurationList section */
		18061BE52046DB4A0000E9C7 /* Build configuration list for PBXProject "helloproject" */ = {
			isa = XCConfigurationList;
			buildConfigurations = (
				18061C132046DB4B0000E9C7 /* Debug */,
				18061C142046DB4B0000E9C7 /* Release */,
			);
			defaultConfigurationIsVisible = 0;
			defaultConfigurationName = Release;
		};
		18061C152046DB4B0000E9C7 /* Build configuration list for PBXNativeTarget "helloproject" */ = {
			isa = XCConfigurationList;
			buildConfigurations = (
				18061C162046DB4B0000E9C7 /* Debug */,
				18061C172046DB4B0000E9C7 /* Release */,
			);
			defaultConfigurationIsVisible = 0;
			defaultConfigurationName = Release;
		};
		18061C182046DB4B0000E9C7 /* Build configuration list for PBXNativeTarget "helloprojectTests" */ = {
			isa = XCConfigurationList;
			buildConfigurations = (
				18061C192046DB4B0000E9C7 /* Debug */,
				18061C1A2046DB4B0000E9C7 /* Release */,
			);
			defaultConfigurationIsVisible = 0;
			defaultConfigurationName = Release;
		};
		18061C1B2046DB4B0000E9C7 /* Build configuration list for PBXNativeTarget "helloprojectUITests" */ = {
			isa = XCConfigurationList;
			buildConfigurations = (
				18061C1C2046DB4B0000E9C7 /* Debug */,
				18061C1D2046DB4B0000E9C7 /* Release */,
			);
			defaultConfigurationIsVisible = 0;
			defaultConfigurationName = Release;
		};
/* End XCConfigurationList section */

/* Begin XCVersionGroup section */
		18061BF42046DB4B0000E9C7 /* helloproject.xcdatamodeld */ = {
			isa = XCVersionGroup;
			children = (
				18061BF52046DB4B0000E9C7 /* helloproject.xcdatamodel */,
			);
			currentVersion = 18061BF52046DB4B0000E9C7 /* helloproject.xcdatamodel */;
			path = helloproject.xcdatamodeld;
			sourceTree = "<group>";
			versionGroupType = wrapper.xcdatamodel;
		};
/* End XCVersionGroup section */
	};
	rootObject = 18061BE22046DB4A0000E9C7 /* Project object */;
}
